
Microsoft Visual Studio Solution File, Format Version 12.00
# Visual Studio Version 16
VisualStudioVersion = 16.0.810.4
MinimumVisualStudioVersion = 10.0.40219.1
Project("{2150E333-8FDC-42A3-9474-1A3956D46DE8}") = "Application", "Application", "{F2796474-0FEA-4C5A-9373-A0B258B9A1FA}"
EndProject
Project("{2150E333-8FDC-42A3-9474-1A3956D46DE8}") = "Domain", "Domain", "{4E449870-CCEA-4339-A6F1-FA3C5960E696}"
EndProject
Project("{2150E333-8FDC-42A3-9474-1A3956D46DE8}") = "Infra.IoC", "Infra.IoC", "{273EB613-2F0D-4D6B-AFDF-21567779261E}"
EndProject
Project("{2150E333-8FDC-42A3-9474-1A3956D46DE8}") = "Infra.Data", "Infra.Data", "{98536CBD-A5DE-45EA-B043-C4C4FA98171C}"
EndProject
Project("{2150E333-8FDC-42A3-9474-1A3956D46DE8}") = "Presentation", "Presentation", "{22A495CA-CA84-4D89-ADA9-71E84AE0E2D9}"
EndProject
Project("{9A19103F-16F7-4668-BE54-9A1E7A4F7556}") = "CleanArch.Mvc", "CleanArch.Mvc\CleanArch.Mvc.csproj", "{574E77AD-9B88-4207-A9C2-E0EDFA2B32E3}"
EndProject
Project("{9A19103F-16F7-4668-BE54-9A1E7A4F7556}") = "CleanArch.Domain", "CleanArch.Domain\CleanArch.Domain.csproj", "{FF299CCF-FDF1-42A4-97B0-82066F7C78CF}"
EndProject
Project("{9A19103F-16F7-4668-BE54-9A1E7A4F7556}") = "CleanArch.Infra.Data", "CleanArch.Infra.Data\CleanArch.Infra.Data.csproj", "{D3D09CE2-1136-4AD8-AD21-DC9EF0B794BE}"
EndProject
Project("{9A19103F-16F7-4668-BE54-9A1E7A4F7556}") = "CleanArch.Application", "CleanArch.Application\CleanArch.Application.csproj", "{144648F9-15DA-4E17-8BDC-EE2A69EC280A}"
EndProject
Project("{9A19103F-16F7-4668-BE54-9A1E7A4F7556}") = "CleanArch.Infra.IoC", "CleanArch.Infra.IoC\CleanArch.Infra.IoC.csproj", "{6B54A68E-1959-498E-A200-353094D1A526}"
EndProject
Project("{2150E333-8FDC-42A3-9474-1A3956D46DE8}") = "Infra.Bus", "Infra.Bus", "{BCA689BA-B649-4AE0-8792-5977DE7255BE}"
EndProject
Project("{2150E333-8FDC-42A3-9474-1A3956D46DE8}") = "API", "API", "{320491E1-3169-4649-8C93-5A4B17EA16C3}"
EndProject
Global
	GlobalSection(SolutionConfigurationPlatforms) = preSolution
		Debug|Any CPU = Debug|Any CPU
		Release|Any CPU = Release|Any CPU
	EndGlobalSection
	GlobalSection(ProjectConfigurationPlatforms) = postSolution
		{574E77AD-9B88-4207-A9C2-E0EDFA2B32E3}.Debug|Any CPU.ActiveCfg = Debug|Any CPU
		{574E77AD-9B88-4207-A9C2-E0EDFA2B32E3}.Debug|Any CPU.Build.0 = Debug|Any CPU
		{574E77AD-9B88-4207-A9C2-E0EDFA2B32E3}.Release|Any CPU.ActiveCfg = Release|Any CPU
		{574E77AD-9B88-4207-A9C2-E0EDFA2B32E3}.Release|Any CPU.Build.0 = Release|Any CPU
		{FF299CCF-FDF1-42A4-97B0-82066F7C78CF}.Debug|Any CPU.ActiveCfg = Debug|Any CPU
		{FF299CCF-FDF1-42A4-97B0-82066F7C78CF}.Debug|Any CPU.Build.0 = Debug|Any CPU
		{FF299CCF-FDF1-42A4-97B0-82066F7C78CF}.Release|Any CPU.ActiveCfg = Release|Any CPU
		{FF299CCF-FDF1-42A4-97B0-82066F7C78CF}.Release|Any CPU.Build.0 = Release|Any CPU
		{D3D09CE2-1136-4AD8-AD21-DC9EF0B794BE}.Debug|Any CPU.ActiveCfg = Debug|Any CPU
		{D3D09CE2-1136-4AD8-AD21-DC9EF0B794BE}.Debug|Any CPU.Build.0 = Debug|Any CPU
		{D3D09CE2-1136-4AD8-AD21-DC9EF0B794BE}.Release|Any CPU.ActiveCfg = Release|Any CPU
		{D3D09CE2-1136-4AD8-AD21-DC9EF0B794BE}.Release|Any CPU.Build.0 = Release|Any CPU
		{144648F9-15DA-4E17-8BDC-EE2A69EC280A}.Debug|Any CPU.ActiveCfg = Debug|Any CPU
		{144648F9-15DA-4E17-8BDC-EE2A69EC280A}.Debug|Any CPU.Build.0 = Debug|Any CPU
		{144648F9-15DA-4E17-8BDC-EE2A69EC280A}.Release|Any CPU.ActiveCfg = Release|Any CPU
		{144648F9-15DA-4E17-8BDC-EE2A69EC280A}.Release|Any CPU.Build.0 = Release|Any CPU
		{6B54A68E-1959-498E-A200-353094D1A526}.Debug|Any CPU.ActiveCfg = Debug|Any CPU
		{6B54A68E-1959-498E-A200-353094D1A526}.Debug|Any CPU.Build.0 = Debug|Any CPU
		{6B54A68E-1959-498E-A200-353094D1A526}.Release|Any CPU.ActiveCfg = Release|Any CPU
		{6B54A68E-1959-498E-A200-353094D1A526}.Release|Any CPU.Build.0 = Release|Any CPU
	EndGlobalSection
	GlobalSection(SolutionProperties) = preSolution
		HideSolutionNode = FALSE
	EndGlobalSection
	GlobalSection(NestedProjects) = preSolution
		{574E77AD-9B88-4207-A9C2-E0EDFA2B32E3} = {22A495CA-CA84-4D89-ADA9-71E84AE0E2D9}
		{FF299CCF-FDF1-42A4-97B0-82066F7C78CF} = {4E449870-CCEA-4339-A6F1-FA3C5960E696}
		{D3D09CE2-1136-4AD8-AD21-DC9EF0B794BE} = {98536CBD-A5DE-45EA-B043-C4C4FA98171C}
		{144648F9-15DA-4E17-8BDC-EE2A69EC280A} = {F2796474-0FEA-4C5A-9373-A0B258B9A1FA}
		{6B54A68E-1959-498E-A200-353094D1A526} = {273EB613-2F0D-4D6B-AFDF-21567779261E}
	EndGlobalSection
	GlobalSection(ExtensibilityGlobals) = postSolution
		SolutionGuid = {22C3D4DD-C098-4BE5-A265-190D56195FA5}
	EndGlobalSection
EndGlobal
